// !$*UTF8*$!
{
	archiveVersion = 1;
	classes = {
	};
	objectVersion = 50;
	objects = {

/* Begin PBXBuildFile section */
		A1BE4EA1250CD91300608EDC /* AppDelegate.swift in Sources */ = {isa = PBXBuildFile; fileRef = A1BE4EA0250CD91300608EDC /* AppDelegate.swift */; };
		A1BE4EA3250CD91300608EDC /* SceneDelegate.swift in Sources */ = {isa = PBXBuildFile; fileRef = A1BE4EA2250CD91300608EDC /* SceneDelegate.swift */; };
		A1BE4EA5250CD91300608EDC /* ContentView.swift in Sources */ = {isa = PBXBuildFile; fileRef = A1BE4EA4250CD91300608EDC /* ContentView.swift */; };
		A1BE4EA7250CD91500608EDC /* Assets.xcassets in Resources */ = {isa = PBXBuildFile; fileRef = A1BE4EA6250CD91500608EDC /* Assets.xcassets */; };
		A1BE4EAA250CD91500608EDC /* Preview Assets.xcassets in Resources */ = {isa = PBXBuildFile; fileRef = A1BE4EA9250CD91500608EDC /* Preview Assets.xcassets */; };
		A1BE4EAD250CD91500608EDC /* LaunchScreen.storyboard in Resources */ = {isa = PBXBuildFile; fileRef = A1BE4EAB250CD91500608EDC /* LaunchScreen.storyboard */; };
		A1BE4EB8250CD91500608EDC /* clean_architecture_sampleUITests.swift in Sources */ = {isa = PBXBuildFile; fileRef = A1BE4EB7250CD91500608EDC /* clean_architecture_sampleUITests.swift */; };
		A1BE4EDA251110F700608EDC /* SnapKit.framework in Frameworks */ = {isa = PBXBuildFile; fileRef = A1BE4ED9251110F700608EDC /* SnapKit.framework */; };
		A1BE4EDD251F55F700608EDC /* RxSwift.framework in Frameworks */ = {isa = PBXBuildFile; fileRef = A1BE4EDC251F55F700608EDC /* RxSwift.framework */; };
		A1BE4EE125209AD200608EDC /* SearchViewPresenter.swift in Sources */ = {isa = PBXBuildFile; fileRef = A1BE4EE025209AD200608EDC /* SearchViewPresenter.swift */; };
		A1BE4EE32524A0A700608EDC /* SearchTableViewCell.swift in Sources */ = {isa = PBXBuildFile; fileRef = A1BE4EE22524A0A700608EDC /* SearchTableViewCell.swift */; };
		A1BE4EE5252DC4A200608EDC /* SearchUseCase.swift in Sources */ = {isa = PBXBuildFile; fileRef = A1BE4EE4252DC4A200608EDC /* SearchUseCase.swift */; };
		A1BE4F24253D96D600608EDC /* ViewControllerBuilder.swift in Sources */ = {isa = PBXBuildFile; fileRef = A1BE4F23253D96D600608EDC /* ViewControllerBuilder.swift */; };
		A1BE4F27253D979900608EDC /* SearchViewController.swift in Sources */ = {isa = PBXBuildFile; fileRef = A1BE4F26253D979900608EDC /* SearchViewController.swift */; };
		A1BE4F29253D97AA00608EDC /* SearchViewControllerBuilder.swift in Sources */ = {isa = PBXBuildFile; fileRef = A1BE4F28253D97AA00608EDC /* SearchViewControllerBuilder.swift */; };
		A1BE4F2B253D9C7B00608EDC /* Translator.swift in Sources */ = {isa = PBXBuildFile; fileRef = A1BE4F2A253D9C7B00608EDC /* Translator.swift */; };
		A1BE4F2D253D9C9F00608EDC /* WireFrame.swift in Sources */ = {isa = PBXBuildFile; fileRef = A1BE4F2C253D9C9F00608EDC /* WireFrame.swift */; };
		A1BE4F2F253D9CDC00608EDC /* GithubRepository.swift in Sources */ = {isa = PBXBuildFile; fileRef = A1BE4F2E253D9CDC00608EDC /* GithubRepository.swift */; };
		A1BE4F312540413200608EDC /* GitHubRepoModel.swift in Sources */ = {isa = PBXBuildFile; fileRef = A1BE4F302540413200608EDC /* GitHubRepoModel.swift */; };
		A1BE4F352540457E00608EDC /* GithubRepoDataStore.swift in Sources */ = {isa = PBXBuildFile; fileRef = A1BE4F342540457E00608EDC /* GithubRepoDataStore.swift */; };
		A1BE4F37254047C500608EDC /* GithubRepoEntity.swift in Sources */ = {isa = PBXBuildFile; fileRef = A1BE4F36254047C500608EDC /* GithubRepoEntity.swift */; };
		A1BE4F3A25404B8000608EDC /* GithubRepoTranslator.swift in Sources */ = {isa = PBXBuildFile; fileRef = A1BE4F3925404B8000608EDC /* GithubRepoTranslator.swift */; };
/* End PBXBuildFile section */

/* Begin PBXContainerItemProxy section */
		A1BE4EB4250CD91500608EDC /* PBXContainerItemProxy */ = {
			isa = PBXContainerItemProxy;
			containerPortal = A1BE4E95250CD91300608EDC /* Project object */;
			proxyType = 1;
			remoteGlobalIDString = A1BE4E9C250CD91300608EDC;
			remoteInfo = "clean-architecture-sample";
		};
/* End PBXContainerItemProxy section */

/* Begin PBXFileReference section */
		A1BE4E9D250CD91300608EDC /* clean-architecture-sample.app */ = {isa = PBXFileReference; explicitFileType = wrapper.application; includeInIndex = 0; path = "clean-architecture-sample.app"; sourceTree = BUILT_PRODUCTS_DIR; };
		A1BE4EA0250CD91300608EDC /* AppDelegate.swift */ = {isa = PBXFileReference; lastKnownFileType = sourcecode.swift; path = AppDelegate.swift; sourceTree = "<group>"; };
		A1BE4EA2250CD91300608EDC /* SceneDelegate.swift */ = {isa = PBXFileReference; lastKnownFileType = sourcecode.swift; path = SceneDelegate.swift; sourceTree = "<group>"; };
		A1BE4EA4250CD91300608EDC /* ContentView.swift */ = {isa = PBXFileReference; lastKnownFileType = sourcecode.swift; path = ContentView.swift; sourceTree = "<group>"; };
		A1BE4EA6250CD91500608EDC /* Assets.xcassets */ = {isa = PBXFileReference; lastKnownFileType = folder.assetcatalog; path = Assets.xcassets; sourceTree = "<group>"; };
		A1BE4EA9250CD91500608EDC /* Preview Assets.xcassets */ = {isa = PBXFileReference; lastKnownFileType = folder.assetcatalog; path = "Preview Assets.xcassets"; sourceTree = "<group>"; };
		A1BE4EAC250CD91500608EDC /* Base */ = {isa = PBXFileReference; lastKnownFileType = file.storyboard; name = Base; path = Base.lproj/LaunchScreen.storyboard; sourceTree = "<group>"; };
		A1BE4EAE250CD91500608EDC /* Info.plist */ = {isa = PBXFileReference; lastKnownFileType = text.plist.xml; path = Info.plist; sourceTree = "<group>"; };
		A1BE4EB3250CD91500608EDC /* clean-architecture-sampleUITests.xctest */ = {isa = PBXFileReference; explicitFileType = wrapper.cfbundle; includeInIndex = 0; path = "clean-architecture-sampleUITests.xctest"; sourceTree = BUILT_PRODUCTS_DIR; };
		A1BE4EB7250CD91500608EDC /* clean_architecture_sampleUITests.swift */ = {isa = PBXFileReference; lastKnownFileType = sourcecode.swift; path = clean_architecture_sampleUITests.swift; sourceTree = "<group>"; };
		A1BE4EB9250CD91500608EDC /* Info.plist */ = {isa = PBXFileReference; lastKnownFileType = text.plist.xml; path = Info.plist; sourceTree = "<group>"; };
		A1BE4ED9251110F700608EDC /* SnapKit.framework */ = {isa = PBXFileReference; lastKnownFileType = wrapper.framework; name = SnapKit.framework; path = Carthage/Build/iOS/SnapKit.framework; sourceTree = "<group>"; };
		A1BE4EDC251F55F700608EDC /* RxSwift.framework */ = {isa = PBXFileReference; lastKnownFileType = wrapper.framework; name = RxSwift.framework; path = Carthage/Build/iOS/RxSwift.framework; sourceTree = "<group>"; };
		A1BE4EDE251F563300608EDC /* RxCocoa.framework */ = {isa = PBXFileReference; lastKnownFileType = wrapper.framework; name = RxCocoa.framework; path = Carthage/Build/iOS/RxCocoa.framework; sourceTree = "<group>"; };
		A1BE4EE025209AD200608EDC /* SearchViewPresenter.swift */ = {isa = PBXFileReference; lastKnownFileType = sourcecode.swift; path = SearchViewPresenter.swift; sourceTree = "<group>"; };
		A1BE4EE22524A0A700608EDC /* SearchTableViewCell.swift */ = {isa = PBXFileReference; lastKnownFileType = sourcecode.swift; path = SearchTableViewCell.swift; sourceTree = "<group>"; };
		A1BE4EE4252DC4A200608EDC /* SearchUseCase.swift */ = {isa = PBXFileReference; lastKnownFileType = sourcecode.swift; path = SearchUseCase.swift; sourceTree = "<group>"; };
		A1BE4F23253D96D600608EDC /* ViewControllerBuilder.swift */ = {isa = PBXFileReference; lastKnownFileType = sourcecode.swift; path = ViewControllerBuilder.swift; sourceTree = "<group>"; };
		A1BE4F26253D979900608EDC /* SearchViewController.swift */ = {isa = PBXFileReference; fileEncoding = 4; lastKnownFileType = sourcecode.swift; name = SearchViewController.swift; path = Builder/SearchViewController.swift; sourceTree = "<group>"; };
		A1BE4F28253D97AA00608EDC /* SearchViewControllerBuilder.swift */ = {isa = PBXFileReference; lastKnownFileType = sourcecode.swift; path = SearchViewControllerBuilder.swift; sourceTree = "<group>"; };
		A1BE4F2A253D9C7B00608EDC /* Translator.swift */ = {isa = PBXFileReference; lastKnownFileType = sourcecode.swift; path = Translator.swift; sourceTree = "<group>"; };
		A1BE4F2C253D9C9F00608EDC /* WireFrame.swift */ = {isa = PBXFileReference; lastKnownFileType = sourcecode.swift; path = WireFrame.swift; sourceTree = "<group>"; };
		A1BE4F2E253D9CDC00608EDC /* GithubRepository.swift */ = {isa = PBXFileReference; lastKnownFileType = sourcecode.swift; path = GithubRepository.swift; sourceTree = "<group>"; };
		A1BE4F302540413200608EDC /* GitHubRepoModel.swift */ = {isa = PBXFileReference; lastKnownFileType = sourcecode.swift; path = GitHubRepoModel.swift; sourceTree = "<group>"; };
		A1BE4F342540457E00608EDC /* GithubRepoDataStore.swift */ = {isa = PBXFileReference; lastKnownFileType = sourcecode.swift; path = GithubRepoDataStore.swift; sourceTree = "<group>"; };
		A1BE4F36254047C500608EDC /* GithubRepoEntity.swift */ = {isa = PBXFileReference; lastKnownFileType = sourcecode.swift; path = GithubRepoEntity.swift; sourceTree = "<group>"; };
		A1BE4F3925404B8000608EDC /* GithubRepoTranslator.swift */ = {isa = PBXFileReference; lastKnownFileType = sourcecode.swift; path = GithubRepoTranslator.swift; sourceTree = "<group>"; };
/* End PBXFileReference section */

/* Begin PBXFrameworksBuildPhase section */
		A1BE4E9A250CD91300608EDC /* Frameworks */ = {
			isa = PBXFrameworksBuildPhase;
			buildActionMask = 2147483647;
			files = (
				A1BE4EDD251F55F700608EDC /* RxSwift.framework in Frameworks */,
				A1BE4EDA251110F700608EDC /* SnapKit.framework in Frameworks */,
			);
			runOnlyForDeploymentPostprocessing = 0;
		};
		A1BE4EB0250CD91500608EDC /* Frameworks */ = {
			isa = PBXFrameworksBuildPhase;
			buildActionMask = 2147483647;
			files = (
			);
			runOnlyForDeploymentPostprocessing = 0;
		};
/* End PBXFrameworksBuildPhase section */

/* Begin PBXGroup section */
		A1BE4E94250CD91300608EDC = {
			isa = PBXGroup;
			children = (
				A1BE4E9F250CD91300608EDC /* clean-architecture-sample */,
				A1BE4EB6250CD91500608EDC /* clean-architecture-sampleUITests */,
				A1BE4E9E250CD91300608EDC /* Products */,
				A1BE4ED8251110F600608EDC /* Frameworks */,
			);
			sourceTree = "<group>";
		};
		A1BE4E9E250CD91300608EDC /* Products */ = {
			isa = PBXGroup;
			children = (
				A1BE4E9D250CD91300608EDC /* clean-architecture-sample.app */,
				A1BE4EB3250CD91500608EDC /* clean-architecture-sampleUITests.xctest */,
			);
			name = Products;
			sourceTree = "<group>";
		};
		A1BE4E9F250CD91300608EDC /* clean-architecture-sample */ = {
			isa = PBXGroup;
			children = (
				A1BE4EC5250E682D00608EDC /* Common */,
				A1BE4EC4250E682300608EDC /* Data */,
				A1BE4EC3250E681B00608EDC /* Domain */,
				A1BE4EC2250E67BD00608EDC /* Presentation */,
				A1BE4EA0250CD91300608EDC /* AppDelegate.swift */,
				A1BE4EA2250CD91300608EDC /* SceneDelegate.swift */,
				A1BE4EA4250CD91300608EDC /* ContentView.swift */,
				A1BE4EA6250CD91500608EDC /* Assets.xcassets */,
				A1BE4EAB250CD91500608EDC /* LaunchScreen.storyboard */,
				A1BE4EAE250CD91500608EDC /* Info.plist */,
				A1BE4EA8250CD91500608EDC /* Preview Content */,
			);
			path = "clean-architecture-sample";
			sourceTree = "<group>";
		};
		A1BE4EA8250CD91500608EDC /* Preview Content */ = {
			isa = PBXGroup;
			children = (
				A1BE4EA9250CD91500608EDC /* Preview Assets.xcassets */,
			);
			path = "Preview Content";
			sourceTree = "<group>";
		};
		A1BE4EB6250CD91500608EDC /* clean-architecture-sampleUITests */ = {
			isa = PBXGroup;
			children = (
				A1BE4EB7250CD91500608EDC /* clean_architecture_sampleUITests.swift */,
				A1BE4EB9250CD91500608EDC /* Info.plist */,
			);
			path = "clean-architecture-sampleUITests";
			sourceTree = "<group>";
		};
		A1BE4EC2250E67BD00608EDC /* Presentation */ = {
			isa = PBXGroup;
			children = (
				A1BE4EC8250E684800608EDC /* Presenter */,
				A1BE4EC7250E684000608EDC /* View */,
				A1BE4EC6250E683600608EDC /* Controller */,
			);
			path = Presentation;
			sourceTree = "<group>";
		};
		A1BE4EC3250E681B00608EDC /* Domain */ = {
			isa = PBXGroup;
			children = (
				A1BE4ECB250E686D00608EDC /* Model */,
				A1BE4ECA250E686300608EDC /* Repository */,
				A1BE4EC9250E685900608EDC /* UserCase */,
			);
			path = Domain;
			sourceTree = "<group>";
		};
		A1BE4EC4250E682300608EDC /* Data */ = {
			isa = PBXGroup;
			children = (
				A1BE4F332540452000608EDC /* Entity */,
				A1BE4F322540451700608EDC /* DataStore */,
			);
			path = Data;
			sourceTree = "<group>";
		};
		A1BE4EC5250E682D00608EDC /* Common */ = {
			isa = PBXGroup;
			children = (
				A1BE4ED5250E691200608EDC /* Log */,
				A1BE4ED4250E690700608EDC /* DI */,
				A1BE4ED3250E68EE00608EDC /* Utils */,
			);
			path = Common;
			sourceTree = "<group>";
		};
		A1BE4EC6250E683600608EDC /* Controller */ = {
			isa = PBXGroup;
			children = (
				A1BE4F26253D979900608EDC /* SearchViewController.swift */,
				A1BE4F25253D979900608EDC /* Builder */,
			);
			path = Controller;
			sourceTree = "<group>";
		};
		A1BE4EC7250E684000608EDC /* View */ = {
			isa = PBXGroup;
			children = (
				A1BE4EE22524A0A700608EDC /* SearchTableViewCell.swift */,
			);
			path = View;
			sourceTree = "<group>";
		};
		A1BE4EC8250E684800608EDC /* Presenter */ = {
			isa = PBXGroup;
			children = (
				A1BE4EE025209AD200608EDC /* SearchViewPresenter.swift */,
			);
			path = Presenter;
			sourceTree = "<group>";
		};
		A1BE4EC9250E685900608EDC /* UserCase */ = {
			isa = PBXGroup;
			children = (
				A1BE4F3825404AC900608EDC /* Translator */,
				A1BE4EE4252DC4A200608EDC /* SearchUseCase.swift */,
			);
			path = UserCase;
			sourceTree = "<group>";
		};
		A1BE4ECA250E686300608EDC /* Repository */ = {
			isa = PBXGroup;
			children = (
				A1BE4F2E253D9CDC00608EDC /* GithubRepository.swift */,
			);
			path = Repository;
			sourceTree = "<group>";
		};
		A1BE4ECB250E686D00608EDC /* Model */ = {
			isa = PBXGroup;
			children = (
				A1BE4F302540413200608EDC /* GitHubRepoModel.swift */,
			);
			path = Model;
			sourceTree = "<group>";
		};
		A1BE4ED3250E68EE00608EDC /* Utils */ = {
			isa = PBXGroup;
			children = (
			);
			path = Utils;
			sourceTree = "<group>";
		};
		A1BE4ED4250E690700608EDC /* DI */ = {
			isa = PBXGroup;
			children = (
				A1BE4F23253D96D600608EDC /* ViewControllerBuilder.swift */,
				A1BE4F2A253D9C7B00608EDC /* Translator.swift */,
				A1BE4F2C253D9C9F00608EDC /* WireFrame.swift */,
			);
			path = DI;
			sourceTree = "<group>";
		};
		A1BE4ED5250E691200608EDC /* Log */ = {
			isa = PBXGroup;
			children = (
			);
			path = Log;
			sourceTree = "<group>";
		};
		A1BE4ED8251110F600608EDC /* Frameworks */ = {
			isa = PBXGroup;
			children = (
				A1BE4EDE251F563300608EDC /* RxCocoa.framework */,
				A1BE4EDC251F55F700608EDC /* RxSwift.framework */,
				A1BE4ED9251110F700608EDC /* SnapKit.framework */,
			);
			name = Frameworks;
			sourceTree = "<group>";
		};
		A1BE4F25253D979900608EDC /* Builder */ = {
			isa = PBXGroup;
			children = (
				A1BE4F28253D97AA00608EDC /* SearchViewControllerBuilder.swift */,
			);
			path = Builder;
			sourceTree = "<group>";
		};
		A1BE4F322540451700608EDC /* DataStore */ = {
			isa = PBXGroup;
			children = (
				A1BE4F342540457E00608EDC /* GithubRepoDataStore.swift */,
			);
			path = DataStore;
			sourceTree = "<group>";
		};
		A1BE4F332540452000608EDC /* Entity */ = {
			isa = PBXGroup;
			children = (
				A1BE4F36254047C500608EDC /* GithubRepoEntity.swift */,
			);
			path = Entity;
			sourceTree = "<group>";
		};
		A1BE4F3825404AC900608EDC /* Translator */ = {
			isa = PBXGroup;
			children = (
				A1BE4F3925404B8000608EDC /* GithubRepoTranslator.swift */,
			);
			path = Translator;
			sourceTree = "<group>";
		};
/* End PBXGroup section */

/* Begin PBXNativeTarget section */
		A1BE4E9C250CD91300608EDC /* clean-architecture-sample */ = {
			isa = PBXNativeTarget;
			buildConfigurationList = A1BE4EBC250CD91500608EDC /* Build configuration list for PBXNativeTarget "clean-architecture-sample" */;
			buildPhases = (
				A1BE4E99250CD91300608EDC /* Sources */,
				A1BE4E9A250CD91300608EDC /* Frameworks */,
				A1BE4E9B250CD91300608EDC /* Resources */,
				A1BE4EDB2511113B00608EDC /* Carthage */,
			);
			buildRules = (
			);
			dependencies = (
			);
			name = "clean-architecture-sample";
			productName = "clean-architecture-sample";
			productReference = A1BE4E9D250CD91300608EDC /* clean-architecture-sample.app */;
			productType = "com.apple.product-type.application";
		};
		A1BE4EB2250CD91500608EDC /* clean-architecture-sampleUITests */ = {
			isa = PBXNativeTarget;
			buildConfigurationList = A1BE4EBF250CD91500608EDC /* Build configuration list for PBXNativeTarget "clean-architecture-sampleUITests" */;
			buildPhases = (
				A1BE4EAF250CD91500608EDC /* Sources */,
				A1BE4EB0250CD91500608EDC /* Frameworks */,
				A1BE4EB1250CD91500608EDC /* Resources */,
			);
			buildRules = (
			);
			dependencies = (
				A1BE4EB5250CD91500608EDC /* PBXTargetDependency */,
			);
			name = "clean-architecture-sampleUITests";
			productName = "clean-architecture-sampleUITests";
			productReference = A1BE4EB3250CD91500608EDC /* clean-architecture-sampleUITests.xctest */;
			productType = "com.apple.product-type.bundle.ui-testing";
		};
/* End PBXNativeTarget section */

/* Begin PBXProject section */
		A1BE4E95250CD91300608EDC /* Project object */ = {
			isa = PBXProject;
			attributes = {
				LastSwiftUpdateCheck = 1130;
				LastUpgradeCheck = 1130;
				ORGANIZATIONNAME = "iori tenma";
				TargetAttributes = {
					A1BE4E9C250CD91300608EDC = {
						CreatedOnToolsVersion = 11.3.1;
					};
					A1BE4EB2250CD91500608EDC = {
						CreatedOnToolsVersion = 11.3.1;
						TestTargetID = A1BE4E9C250CD91300608EDC;
					};
				};
			};
			buildConfigurationList = A1BE4E98250CD91300608EDC /* Build configuration list for PBXProject "clean-architecture-sample" */;
			compatibilityVersion = "Xcode 9.3";
			developmentRegion = en;
			hasScannedForEncodings = 0;
			knownRegions = (
				en,
				Base,
			);
			mainGroup = A1BE4E94250CD91300608EDC;
			productRefGroup = A1BE4E9E250CD91300608EDC /* Products */;
			projectDirPath = "";
			projectRoot = "";
			targets = (
				A1BE4E9C250CD91300608EDC /* clean-architecture-sample */,
				A1BE4EB2250CD91500608EDC /* clean-architecture-sampleUITests */,
			);
		};
/* End PBXProject section */

/* Begin PBXResourcesBuildPhase section */
		A1BE4E9B250CD91300608EDC /* Resources */ = {
			isa = PBXResourcesBuildPhase;
			buildActionMask = 2147483647;
			files = (
				A1BE4EAD250CD91500608EDC /* LaunchScreen.storyboard in Resources */,
				A1BE4EAA250CD91500608EDC /* Preview Assets.xcassets in Resources */,
				A1BE4EA7250CD91500608EDC /* Assets.xcassets in Resources */,
			);
			runOnlyForDeploymentPostprocessing = 0;
		};
		A1BE4EB1250CD91500608EDC /* Resources */ = {
			isa = PBXResourcesBuildPhase;
			buildActionMask = 2147483647;
			files = (
			);
			runOnlyForDeploymentPostprocessing = 0;
		};
/* End PBXResourcesBuildPhase section */

/* Begin PBXShellScriptBuildPhase section */
		A1BE4EDB2511113B00608EDC /* Carthage */ = {
			isa = PBXShellScriptBuildPhase;
			buildActionMask = 2147483647;
			files = (
			);
			inputFileListPaths = (
			);
			inputPaths = (
				"$(SRCROOT)/Carthage/Build/iOS/SnapKit.framework",
				"$(SRCROOT)/Carthage/Build/iOS/RxSwift.framework",
				"$(SRCROOT)/Carthage/Build/iOS/RxCocoa.framework",
				"$(SRCROOT)/Carthage/Build/iOS/RxRelay.framework/",
			);
			name = Carthage;
			outputFileListPaths = (
			);
			outputPaths = (
				"$(BUILT_PRODUCTS_DIR)/$(FRAMEWORKS_FOLDER_PATH)/SnapKit.framework",
				"$(BUILT_PRODUCTS_DIR)/$(FRAMEWORKS_FOLDER_PATH)/RxSwift.framework",
				"$(BUILT_PRODUCTS_DIR)/$(FRAMEWORKS_FOLDER_PATH)/RxCocoa.framework",
				"$(BUILT_PRODUCTS_DIR)/$(FRAMEWORKS_FOLDER_PATH)/RxRelay.framework/",
			);
			runOnlyForDeploymentPostprocessing = 0;
			shellPath = /bin/sh;
			shellScript = "if which /usr/local/bin/carthage >/dev/null; then\n    /usr/local/bin/carthage copy-frameworks\nelse\n    echo \"warning: carthage not installed. install at 'brew install carthage'\"\nfi\n";
		};
/* End PBXShellScriptBuildPhase section */

/* Begin PBXSourcesBuildPhase section */
		A1BE4E99250CD91300608EDC /* Sources */ = {
			isa = PBXSourcesBuildPhase;
			buildActionMask = 2147483647;
			files = (
				A1BE4F352540457E00608EDC /* GithubRepoDataStore.swift in Sources */,
				A1BE4F2F253D9CDC00608EDC /* GithubRepository.swift in Sources */,
				A1BE4EE125209AD200608EDC /* SearchViewPresenter.swift in Sources */,
				A1BE4EA1250CD91300608EDC /* AppDelegate.swift in Sources */,
				A1BE4F2D253D9C9F00608EDC /* WireFrame.swift in Sources */,
				A1BE4F27253D979900608EDC /* SearchViewController.swift in Sources */,
				A1BE4EA3250CD91300608EDC /* SceneDelegate.swift in Sources */,
				A1BE4F29253D97AA00608EDC /* SearchViewControllerBuilder.swift in Sources */,
				A1BE4F3A25404B8000608EDC /* GithubRepoTranslator.swift in Sources */,
				A1BE4EE32524A0A700608EDC /* SearchTableViewCell.swift in Sources */,
				A1BE4F24253D96D600608EDC /* ViewControllerBuilder.swift in Sources */,
				A1BE4F37254047C500608EDC /* GithubRepoEntity.swift in Sources */,
				A1BE4F2B253D9C7B00608EDC /* Translator.swift in Sources */,
				A1BE4F312540413200608EDC /* GitHubRepoModel.swift in Sources */,
				A1BE4EA5250CD91300608EDC /* ContentView.swift in Sources */,
				A1BE4EE5252DC4A200608EDC /* SearchUseCase.swift in Sources */,
			);
			runOnlyForDeploymentPostprocessing = 0;
		};
		A1BE4EAF250CD91500608EDC /* Sources */ = {
			isa = PBXSourcesBuildPhase;
			buildActionMask = 2147483647;
			files = (
				A1BE4EB8250CD91500608EDC /* clean_architecture_sampleUITests.swift in Sources */,
			);
			runOnlyForDeploymentPostprocessing = 0;
		};
/* End PBXSourcesBuildPhase section */

/* Begin PBXTargetDependency section */
		A1BE4EB5250CD91500608EDC /* PBXTargetDependency */ = {
			isa = PBXTargetDependency;
			target = A1BE4E9C250CD91300608EDC /* clean-architecture-sample */;
			targetProxy = A1BE4EB4250CD91500608EDC /* PBXContainerItemProxy */;
		};
/* End PBXTargetDependency section */

/* Begin PBXVariantGroup section */
		A1BE4EAB250CD91500608EDC /* LaunchScreen.storyboard */ = {
			isa = PBXVariantGroup;
			children = (
				A1BE4EAC250CD91500608EDC /* Base */,
			);
			name = LaunchScreen.storyboard;
			sourceTree = "<group>";
		};
/* End PBXVariantGroup section */

/* Begin XCBuildConfiguration section */
		A1BE4EBA250CD91500608EDC /* Debug */ = {
			isa = XCBuildConfiguration;
			buildSettings = {
				ALWAYS_SEARCH_USER_PATHS = NO;
				CLANG_ANALYZER_NONNULL = YES;
				CLANG_ANALYZER_NUMBER_OBJECT_CONVERSION = YES_AGGRESSIVE;
				CLANG_CXX_LANGUAGE_STANDARD = "gnu++14";
				CLANG_CXX_LIBRARY = "libc++";
				CLANG_ENABLE_MODULES = YES;
				CLANG_ENABLE_OBJC_ARC = YES;
				CLANG_ENABLE_OBJC_WEAK = YES;
				CLANG_WARN_BLOCK_CAPTURE_AUTORELEASING = YES;
				CLANG_WARN_BOOL_CONVERSION = YES;
				CLANG_WARN_COMMA = YES;
				CLANG_WARN_CONSTANT_CONVERSION = YES;
				CLANG_WARN_DEPRECATED_OBJC_IMPLEMENTATIONS = YES;
				CLANG_WARN_DIRECT_OBJC_ISA_USAGE = YES_ERROR;
				CLANG_WARN_DOCUMENTATION_COMMENTS = YES;
				CLANG_WARN_EMPTY_BODY = YES;
				CLANG_WARN_ENUM_CONVERSION = YES;
				CLANG_WARN_INFINITE_RECURSION = YES;
				CLANG_WARN_INT_CONVERSION = YES;
				CLANG_WARN_NON_LITERAL_NULL_CONVERSION = YES;
				CLANG_WARN_OBJC_IMPLICIT_RETAIN_SELF = YES;
				CLANG_WARN_OBJC_LITERAL_CONVERSION = YES;
				CLANG_WARN_OBJC_ROOT_CLASS = YES_ERROR;
				CLANG_WARN_RANGE_LOOP_ANALYSIS = YES;
				CLANG_WARN_STRICT_PROTOTYPES = YES;
				CLANG_WARN_SUSPICIOUS_MOVE = YES;
				CLANG_WARN_UNGUARDED_AVAILABILITY = YES_AGGRESSIVE;
				CLANG_WARN_UNREACHABLE_CODE = YES;
				CLANG_WARN__DUPLICATE_METHOD_MATCH = YES;
				COPY_PHASE_STRIP = NO;
				DEBUG_INFORMATION_FORMAT = dwarf;
				ENABLE_STRICT_OBJC_MSGSEND = YES;
				ENABLE_TESTABILITY = YES;
				GCC_C_LANGUAGE_STANDARD = gnu11;
				GCC_DYNAMIC_NO_PIC = NO;
				GCC_NO_COMMON_BLOCKS = YES;
				GCC_OPTIMIZATION_LEVEL = 0;
				GCC_PREPROCESSOR_DEFINITIONS = (
					"DEBUG=1",
					"$(inherited)",
				);
				GCC_WARN_64_TO_32_BIT_CONVERSION = YES;
				GCC_WARN_ABOUT_RETURN_TYPE = YES_ERROR;
				GCC_WARN_UNDECLARED_SELECTOR = YES;
				GCC_WARN_UNINITIALIZED_AUTOS = YES_AGGRESSIVE;
				GCC_WARN_UNUSED_FUNCTION = YES;
				GCC_WARN_UNUSED_VARIABLE = YES;
				IPHONEOS_DEPLOYMENT_TARGET = 13.2;
				MTL_ENABLE_DEBUG_INFO = INCLUDE_SOURCE;
				MTL_FAST_MATH = YES;
				ONLY_ACTIVE_ARCH = YES;
				SDKROOT = iphoneos;
				SWIFT_ACTIVE_COMPILATION_CONDITIONS = DEBUG;
				SWIFT_OPTIMIZATION_LEVEL = "-Onone";
			};
			name = Debug;
		};
		A1BE4EBB250CD91500608EDC /* Release */ = {
			isa = XCBuildConfiguration;
			buildSettings = {
				ALWAYS_SEARCH_USER_PATHS = NO;
				CLANG_ANALYZER_NONNULL = YES;
				CLANG_ANALYZER_NUMBER_OBJECT_CONVERSION = YES_AGGRESSIVE;
				CLANG_CXX_LANGUAGE_STANDARD = "gnu++14";
				CLANG_CXX_LIBRARY = "libc++";
				CLANG_ENABLE_MODULES = YES;
				CLANG_ENABLE_OBJC_ARC = YES;
				CLANG_ENABLE_OBJC_WEAK = YES;
				CLANG_WARN_BLOCK_CAPTURE_AUTORELEASING = YES;
				CLANG_WARN_BOOL_CONVERSION = YES;
				CLANG_WARN_COMMA = YES;
				CLANG_WARN_CONSTANT_CONVERSION = YES;
				CLANG_WARN_DEPRECATED_OBJC_IMPLEMENTATIONS = YES;
				CLANG_WARN_DIRECT_OBJC_ISA_USAGE = YES_ERROR;
				CLANG_WARN_DOCUMENTATION_COMMENTS = YES;
				CLANG_WARN_EMPTY_BODY = YES;
				CLANG_WARN_ENUM_CONVERSION = YES;
				CLANG_WARN_INFINITE_RECURSION = YES;
				CLANG_WARN_INT_CONVERSION = YES;
				CLANG_WARN_NON_LITERAL_NULL_CONVERSION = YES;
				CLANG_WARN_OBJC_IMPLICIT_RETAIN_SELF = YES;
				CLANG_WARN_OBJC_LITERAL_CONVERSION = YES;
				CLANG_WARN_OBJC_ROOT_CLASS = YES_ERROR;
				CLANG_WARN_RANGE_LOOP_ANALYSIS = YES;
				CLANG_WARN_STRICT_PROTOTYPES = YES;
				CLANG_WARN_SUSPICIOUS_MOVE = YES;
				CLANG_WARN_UNGUARDED_AVAILABILITY = YES_AGGRESSIVE;
				CLANG_WARN_UNREACHABLE_CODE = YES;
				CLANG_WARN__DUPLICATE_METHOD_MATCH = YES;
				COPY_PHASE_STRIP = NO;
				DEBUG_INFORMATION_FORMAT = "dwarf-with-dsym";
				ENABLE_NS_ASSERTIONS = NO;
				ENABLE_STRICT_OBJC_MSGSEND = YES;
				GCC_C_LANGUAGE_STANDARD = gnu11;
				GCC_NO_COMMON_BLOCKS = YES;
				GCC_WARN_64_TO_32_BIT_CONVERSION = YES;
				GCC_WARN_ABOUT_RETURN_TYPE = YES_ERROR;
				GCC_WARN_UNDECLARED_SELECTOR = YES;
				GCC_WARN_UNINITIALIZED_AUTOS = YES_AGGRESSIVE;
				GCC_WARN_UNUSED_FUNCTION = YES;
				GCC_WARN_UNUSED_VARIABLE = YES;
				IPHONEOS_DEPLOYMENT_TARGET = 13.2;
				MTL_ENABLE_DEBUG_INFO = NO;
				MTL_FAST_MATH = YES;
				SDKROOT = iphoneos;
				SWIFT_COMPILATION_MODE = wholemodule;
				SWIFT_OPTIMIZATION_LEVEL = "-O";
				VALIDATE_PRODUCT = YES;
			};
			name = Release;
		};
		A1BE4EBD250CD91500608EDC /* Debug */ = {
			isa = XCBuildConfiguration;
			buildSettings = {
				ASSETCATALOG_COMPILER_APPICON_NAME = AppIcon;
				CODE_SIGN_STYLE = Automatic;
				DEVELOPMENT_ASSET_PATHS = "\"clean-architecture-sample/Preview Content\"";
				DEVELOPMENT_TEAM = TBQA5RANYY;
				ENABLE_PREVIEWS = YES;
				FRAMEWORK_SEARCH_PATHS = (
					"$(inherited)",
					"$(PROJECT_DIR)/Carthage/Build/iOS",
				);
				INFOPLIST_FILE = "clean-architecture-sample/Info.plist";
				LD_RUNPATH_SEARCH_PATHS = (
					"$(inherited)",
					"@executable_path/Frameworks",
				);
				PRODUCT_BUNDLE_IDENTIFIER = "com.enfandevs.clean-architecture-sample";
				PRODUCT_NAME = "$(TARGET_NAME)";
				SWIFT_VERSION = 5.0;
				TARGETED_DEVICE_FAMILY = "1,2";
			};
			name = Debug;
		};
		A1BE4EBE250CD91500608EDC /* Release */ = {
			isa = XCBuildConfiguration;
			buildSettings = {
				ASSETCATALOG_COMPILER_APPICON_NAME = AppIcon;
				CODE_SIGN_STYLE = Automatic;
				DEVELOPMENT_ASSET_PATHS = "\"clean-architecture-sample/Preview Content\"";
				DEVELOPMENT_TEAM = TBQA5RANYY;
				ENABLE_PREVIEWS = YES;
				FRAMEWORK_SEARCH_PATHS = (
					"$(inherited)",
					"$(PROJECT_DIR)/Carthage/Build/iOS",
				);
				INFOPLIST_FILE = "clean-architecture-sample/Info.plist";
				LD_RUNPATH_SEARCH_PATHS = (
					"$(inherited)",
					"@executable_path/Frameworks",
				);
				PRODUCT_BUNDLE_IDENTIFIER = "com.enfandevs.clean-architecture-sample";
				PRODUCT_NAME = "$(TARGET_NAME)";
				SWIFT_VERSION = 5.0;
				TARGETED_DEVICE_FAMILY = "1,2";
			};
			name = Release;
		};
		A1BE4EC0250CD91500608EDC /* Debug */ = {
			isa = XCBuildConfiguration;
			buildSettings = {
				ALWAYS_EMBED_SWIFT_STANDARD_LIBRARIES = YES;
				CODE_SIGN_STYLE = Automatic;
				DEVELOPMENT_TEAM = TBQA5RANYY;
				INFOPLIST_FILE = "clean-architecture-sampleUITests/Info.plist";
				LD_RUNPATH_SEARCH_PATHS = (
					"$(inherited)",
					"@executable_path/Frameworks",
					"@loader_path/Frameworks",
				);
				PRODUCT_BUNDLE_IDENTIFIER = "com.enfandevs.clean-architecture-sampleUITests";
				PRODUCT_NAME = "$(TARGET_NAME)";
				SWIFT_VERSION = 5.0;
				TARGETED_DEVICE_FAMILY = "1,2";
				TEST_TARGET_NAME = "clean-architecture-sample";
			};
			name = Debug;
		};
		A1BE4EC1250CD91500608EDC /* Release */ = {
			isa = XCBuildConfiguration;
			buildSettings = {
				ALWAYS_EMBED_SWIFT_STANDARD_LIBRARIES = YES;
				CODE_SIGN_STYLE = Automatic;
				DEVELOPMENT_TEAM = TBQA5RANYY;
				INFOPLIST_FILE = "clean-architecture-sampleUITests/Info.plist";
				LD_RUNPATH_SEARCH_PATHS = (
					"$(inherited)",
					"@executable_path/Frameworks",
					"@loader_path/Frameworks",
				);
				PRODUCT_BUNDLE_IDENTIFIER = "com.enfandevs.clean-architecture-sampleUITests";
				PRODUCT_NAME = "$(TARGET_NAME)";
				SWIFT_VERSION = 5.0;
				TARGETED_DEVICE_FAMILY = "1,2";
				TEST_TARGET_NAME = "clean-architecture-sample";
			};
			name = Release;
		};
/* End XCBuildConfiguration section */

/* Begin XCConfigurationList section */
		A1BE4E98250CD91300608EDC /* Build configuration list for PBXProject "clean-architecture-sample" */ = {
			isa = XCConfigurationList;
			buildConfigurations = (
				A1BE4EBA250CD91500608EDC /* Debug */,
				A1BE4EBB250CD91500608EDC /* Release */,
			);
			defaultConfigurationIsVisible = 0;
			defaultConfigurationName = Release;
		};
		A1BE4EBC250CD91500608EDC /* Build configuration list for PBXNativeTarget "clean-architecture-sample" */ = {
			isa = XCConfigurationList;
			buildConfigurations = (
				A1BE4EBD250CD91500608EDC /* Debug */,
				A1BE4EBE250CD91500608EDC /* Release */,
			);
			defaultConfigurationIsVisible = 0;
			defaultConfigurationName = Release;
		};
		A1BE4EBF250CD91500608EDC /* Build configuration list for PBXNativeTarget "clean-architecture-sampleUITests" */ = {
			isa = XCConfigurationList;
			buildConfigurations = (
				A1BE4EC0250CD91500608EDC /* Debug */,
				A1BE4EC1250CD91500608EDC /* Release */,
			);
			defaultConfigurationIsVisible = 0;
			defaultConfigurationName = Release;
		};
/* End XCConfigurationList section */
	};
	rootObject = A1BE4E95250CD91300608EDC /* Project object */;
}
